
Microsoft Visual Studio Solution File, Format Version 12.00
# Visual Studio 14
VisualStudioVersion = 14.0.25420.1
MinimumVisualStudioVersion = 10.0.40219.1
Project("{E24C65DC-7377-472B-9ABA-BC803B73C61A}") = "tc_and_octo", "..\..\WebSites\tc_and_octo\", "{E20B4349-AAD9-484A-9904-08B8AC7EF3EB}"
	ProjectSection(WebsiteProperties) = preProject
		TargetFrameworkMoniker = ".NETFramework,Version%3Dv4.5.2"
		Debug.AspNetCompiler.VirtualPath = "/localhost_53065"
		Debug.AspNetCompiler.PhysicalPath = "..\..\WebSites\tc_and_octo\"
		Debug.AspNetCompiler.TargetPath = "PrecompiledWeb\localhost_53065\"
		Debug.AspNetCompiler.Updateable = "true"
		Debug.AspNetCompiler.ForceOverwrite = "true"
		Debug.AspNetCompiler.FixedNames = "false"
		Debug.AspNetCompiler.Debug = "True"
		Release.AspNetCompiler.VirtualPath = "/localhost_53065"
		Release.AspNetCompiler.PhysicalPath = "..\..\WebSites\tc_and_octo\"
		Release.AspNetCompiler.TargetPath = "PrecompiledWeb\localhost_53065\"
		Release.AspNetCompiler.Updateable = "true"
		Release.AspNetCompiler.ForceOverwrite = "true"
		Release.AspNetCompiler.FixedNames = "false"
		Release.AspNetCompiler.Debug = "False"
		VWDPort = "53065"
		SlnRelativePath = "..\..\WebSites\tc_and_octo\"
		DefaultWebSiteLanguage = "Visual C#"
	EndProjectSection
EndProject
Global
	GlobalSection(SolutionConfigurationPlatforms) = preSolution
		Debug|Any CPU = Debug|Any CPU
	EndGlobalSection
	GlobalSection(ProjectConfigurationPlatforms) = postSolution
		{E20B4349-AAD9-484A-9904-08B8AC7EF3EB}.Debug|Any CPU.ActiveCfg = Debug|Any CPU
		{E20B4349-AAD9-484A-9904-08B8AC7EF3EB}.Debug|Any CPU.Build.0 = Debug|Any CPU
	EndGlobalSection
	GlobalSection(SolutionProperties) = preSolution
		HideSolutionNode = FALSE
	EndGlobalSection
EndGlobal
